<?xml version="1.0" encoding="utf-8"?>
<Project ToolsVersion="4.0" xmlns="http://schemas.microsoft.com/developer/msbuild/2003">
  <ItemGroup>
    <Filter Include="Source Files">
      <UniqueIdentifier>{4FC737F1-C7A5-4376-A066-2A32D752A2FF}</UniqueIdentifier>
      <Extensions>cpp;c;cc;cxx;def;odl;idl;hpj;bat;asm;asmx</Extensions>
    </Filter>
    <Filter Include="Header Files">
      <UniqueIdentifier>{93995380-89BD-4b04-88EB-625FBE52EBFB}</UniqueIdentifier>
      <Extensions>h;hh;hpp;hxx;hm;inl;inc;ipp;xsd</Extensions>
    </Filter>
    <Filter Include="Header Files\Math">
      <UniqueIdentifier>{d245cb44-f799-4985-9f88-10d731f2a8dd}</UniqueIdentifier>
    </Filter>
    <Filter Include="Header Files\Window">
      <UniqueIdentifier>{99e7f03d-047d-4cfb-bc51-55bafde7fb2f}</UniqueIdentifier>
    </Filter>
    <Filter Include="Source Files\Window">
      <UniqueIdentifier>{21051a57-5721-44ff-b00c-974d1495be47}</UniqueIdentifier>
    </Filter>
    <Filter Include="Source Files\Math">
      <UniqueIdentifier>{f67bd2bc-2b17-44cd-867d-5d104664172d}</UniqueIdentifier>
    </Filter>
    <Filter Include="Header Files\OpenGL">
      <UniqueIdentifier>{76ec1f34-b396-421d-9146-e370548f1f9f}</UniqueIdentifier>
    </Filter>
    <Filter Include="Source Files\OpenGL">
      <UniqueIdentifier>{9abfff1a-2910-49e1-a529-f55244c9c414}</UniqueIdentifier>
    </Filter>
    <Filter Include="Shaders">
      <UniqueIdentifier>{67DA6AB6-F800-4c08-8B7A-83BB121AAD01}</UniqueIdentifier>
      <Extensions>rc;ico;cur;bmp;dlg;rc2;rct;bin;rgs;gif;jpg;jpeg;jpe;resx;tiff;tif;png;wav;mfcribbon-ms</Extensions>
    </Filter>
    <Filter Include="Header Files\GLTF">
      <UniqueIdentifier>{0e219a43-2b8b-4d42-9c84-c27e5fdd221b}</UniqueIdentifier>
    </Filter>
    <Filter Include="Source Files\GLTF">
      <UniqueIdentifier>{5db486f3-a837-4cfb-9a30-e9563cb06e29}</UniqueIdentifier>
    </Filter>
    <Filter Include="Header Files\Animation">
      <UniqueIdentifier>{ab50d73e-f5ba-4a54-a621-6107056469e4}</UniqueIdentifier>
    </Filter>
    <Filter Include="Source Files\Animation">
      <UniqueIdentifier>{e653b026-fbf0-4392-b6f4-7500fc5f2d75}</UniqueIdentifier>
    </Filter>
    <Filter Include="Header Files\Rendering">
      <UniqueIdentifier>{c1625a1e-53f3-492f-8945-138bc13a3e8d}</UniqueIdentifier>
    </Filter>
    <Filter Include="Source Files\Rendering">
      <UniqueIdentifier>{f12d9cae-9427-44bd-807e-c928ce8471eb}</UniqueIdentifier>
    </Filter>
    <Filter Include="Header Files\Animation\Blending">
      <UniqueIdentifier>{6739cfba-722b-4b24-8a41-3690fa3f5f7c}</UniqueIdentifier>
    </Filter>
    <Filter Include="Source Files\Animation\Blending">
      <UniqueIdentifier>{d5bc9e31-3018-4e6c-83cc-400b690e0d36}</UniqueIdentifier>
    </Filter>
    <Filter Include="Header Files\IK">
      <UniqueIdentifier>{f73de771-4418-49f9-8528-8bfd91d5d994}</UniqueIdentifier>
    </Filter>
    <Filter Include="Source Files\IK">
      <UniqueIdentifier>{5f482222-cd5b-4ea6-9245-08ee6ec461f8}</UniqueIdentifier>
    </Filter>
  </ItemGroup>
  <ItemGroup>
    <ClCompile Include="Code\WinMain.cpp">
      <Filter>Source Files\Window</Filter>
    </ClCompile>
    <ClCompile Include="Code\glad.c">
      <Filter>Source Files\Window</Filter>
    </ClCompile>
    <ClCompile Include="Code\vec3.cpp">
      <Filter>Source Files\Math</Filter>
    </ClCompile>
    <ClCompile Include="Code\mat4.cpp">
      <Filter>Source Files\Math</Filter>
    </ClCompile>
    <ClCompile Include="Code\quat.cpp">
      <Filter>Source Files\Math</Filter>
    </ClCompile>
    <ClCompile Include="Code\Transform.cpp">
      <Filter>Source Files\Math</Filter>
    </ClCompile>
    <ClCompile Include="Code\Shader.cpp">
      <Filter>Source Files\OpenGL</Filter>
    </ClCompile>
    <ClCompile Include="Code\Attribute.cpp">
      <Filter>Source Files\OpenGL</Filter>
    </ClCompile>
    <ClCompile Include="Code\Uniform.cpp">
      <Filter>Source Files\OpenGL</Filter>
    </ClCompile>
    <ClCompile Include="Code\IndexBuffer.cpp">
      <Filter>Source Files\OpenGL</Filter>
    </ClCompile>
    <ClCompile Include="Code\stb_image.cpp">
      <Filter>Source Files\OpenGL</Filter>
    </ClCompile>
    <ClCompile Include="Code\Texture.cpp">
      <Filter>Source Files\OpenGL</Filter>
    </ClCompile>
    <ClCompile Include="Code\Draw.cpp">
      <Filter>Source Files\OpenGL</Filter>
    </ClCompile>
    <ClCompile Include="Code\cgltf.c">
      <Filter>Source Files\GLTF</Filter>
    </ClCompile>
    <ClCompile Include="Code\GLTFLoader.cpp">
      <Filter>Source Files\GLTF</Filter>
    </ClCompile>
    <ClCompile Include="Code\Track.cpp">
      <Filter>Source Files\Animation</Filter>
    </ClCompile>
    <ClCompile Include="Code\TransformTrack.cpp">
      <Filter>Source Files\Animation</Filter>
    </ClCompile>
    <ClCompile Include="Code\Pose.cpp">
      <Filter>Source Files\Animation</Filter>
    </ClCompile>
    <ClCompile Include="Code\Clip.cpp">
      <Filter>Source Files\Animation</Filter>
    </ClCompile>
    <ClCompile Include="Code\Skeleton.cpp">
      <Filter>Source Files\Animation</Filter>
    </ClCompile>
    <ClCompile Include="Code\Mesh.cpp">
      <Filter>Source Files\Rendering</Filter>
    </ClCompile>
    <ClCompile Include="Code\Blending.cpp">
      <Filter>Source Files\Animation\Blending</Filter>
    </ClCompile>
    <ClCompile Include="Code\CrossFadeController.cpp">
      <Filter>Source Files\Animation\Blending</Filter>
    </ClCompile>
    <ClCompile Include="Code\CCDSolver.cpp">
      <Filter>Source Files\IK</Filter>
    </ClCompile>
    <ClCompile Include="Code\FABRIKSolver.cpp">
      <Filter>Source Files\IK</Filter>
    </ClCompile>
    <ClCompile Include="Code\DualQuaternion.cpp">
      <Filter>Source Files\Math</Filter>
    </ClCompile>
    <ClCompile Include="Code\Sample.cpp">
      <Filter>Source Files</Filter>
    </ClCompile>
    <ClCompile Include="Code\RearrangeBones.cpp">
      <Filter>Source Files\Animation</Filter>
    </ClCompile>
  </ItemGroup>
  <ItemGroup>
    <ClInclude Include="Code\Application.h">
      <Filter>Header Files\Window</Filter>
    </ClInclude>
    <ClInclude Include="Code\glad.h">
      <Filter>Header Files\Window</Filter>
    </ClInclude>
    <ClInclude Include="Code\khrplatform.h">
      <Filter>Header Files\Window</Filter>
    </ClInclude>
    <ClInclude Include="Code\vec3.h">
      <Filter>Header Files\Math</Filter>
    </ClInclude>
    <ClInclude Include="Code\vec2.h">
      <Filter>Header Files\Math</Filter>
    </ClInclude>
    <ClInclude Include="Code\vec4.h">
      <Filter>Header Files\Math</Filter>
    </ClInclude>
    <ClInclude Include="Code\mat4.h">
      <Filter>Header Files\Math</Filter>
    </ClInclude>
    <ClInclude Include="Code\quat.h">
      <Filter>Header Files\Math</Filter>
    </ClInclude>
    <ClInclude Include="Code\Transform.h">
      <Filter>Header Files\Math</Filter>
    </ClInclude>
    <ClInclude Include="Code\Shader.h">
      <Filter>Header Files\OpenGL</Filter>
    </ClInclude>
    <ClInclude Include="Code\Attribute.h">
      <Filter>Header Files\OpenGL</Filter>
    </ClInclude>
    <ClInclude Include="Code\Uniform.h">
      <Filter>Header Files\OpenGL</Filter>
    </ClInclude>
    <ClInclude Include="Code\IndexBuffer.h">
      <Filter>Header Files\OpenGL</Filter>
    </ClInclude>
    <ClInclude Include="Code\Texture.h">
      <Filter>Header Files\OpenGL</Filter>
    </ClInclude>
    <ClInclude Include="Code\stb_image.h">
      <Filter>Header Files\OpenGL</Filter>
    </ClInclude>
    <ClInclude Include="Code\Draw.h">
      <Filter>Header Files\OpenGL</Filter>
    </ClInclude>
    <ClInclude Include="Code\cgltf.h">
      <Filter>Header Files\GLTF</Filter>
    </ClInclude>
    <ClInclude Include="Code\GLTFLoader.h">
      <Filter>Header Files\GLTF</Filter>
    </ClInclude>
    <ClInclude Include="Code\Interpolation.h">
      <Filter>Header Files\Animation</Filter>
    </ClInclude>
    <ClInclude Include="Code\Frame.h">
      <Filter>Header Files\Animation</Filter>
    </ClInclude>
    <ClInclude Include="Code\TransformTrack.h">
      <Filter>Header Files\Animation</Filter>
    </ClInclude>
    <ClInclude Include="Code\Pose.h">
      <Filter>Header Files\Animation</Filter>
    </ClInclude>
    <ClInclude Include="Code\Clip.h">
      <Filter>Header Files\Animation</Filter>
    </ClInclude>
    <ClInclude Include="Code\Skeleton.h">
      <Filter>Header Files\Animation</Filter>
    </ClInclude>
    <ClInclude Include="Code\Mesh.h">
      <Filter>Header Files\Rendering</Filter>
    </ClInclude>
    <ClInclude Include="Code\Track.h">
      <Filter>Header Files\Animation</Filter>
    </ClInclude>
    <ClInclude Include="Code\Blending.h">
      <Filter>Header Files\Animation\Blending</Filter>
    </ClInclude>
    <ClInclude Include="Code\CrossFadeTarget.h">
      <Filter>Header Files\Animation\Blending</Filter>
    </ClInclude>
    <ClInclude Include="Code\CrossFadeController.h">
      <Filter>Header Files\Animation\Blending</Filter>
    </ClInclude>
    <ClInclude Include="Code\CCDSolver.h">
      <Filter>Header Files\IK</Filter>
    </ClInclude>
    <ClInclude Include="Code\FABRIKSolver.h">
      <Filter>Header Files\IK</Filter>
    </ClInclude>
    <ClInclude Include="Code\DualQuaternion.h">
      <Filter>Header Files\Math</Filter>
    </ClInclude>
    <ClInclude Include="Code\Sample.h">
      <Filter>Header Files</Filter>
    </ClInclude>
    <ClInclude Include="Code\RearrangeBones.h">
      <Filter>Header Files\Animation</Filter>
    </ClInclude>
  </ItemGroup>
  <ItemGroup>
    <None Include="Shaders\lit.frag">
      <Filter>Shaders</Filter>
    </None>
    <None Include="Shaders\static.vert">
      <Filter>Shaders</Filter>
    </None>
    <None Include="Shaders\skinned.vert">
      <Filter>Shaders</Filter>
    </None>
    <None Include="Shaders\preskinned.vert">
      <Filter>Shaders</Filter>
    </None>
    <None Include="Shaders\dualquaternion.vert">
      <Filter>Shaders</Filter>
    </None>
  </ItemGroup>
</Project>